// !$*UTF8*$!
{
	archiveVersion = 1;
	classes = {
	};
	objectVersion = 77;
	objects = {

/* Begin PBXContainerItemProxy section */
		B97FD1D12E470B5C00A50BCA /* PBXContainerItemProxy */ = {
			isa = PBXContainerItemProxy;
			containerPortal = B97FD1B82E470B5A00A50BCA /* Project object */;
			proxyType = 1;
			remoteGlobalIDString = B97FD1BF2E470B5A00A50BCA;
			remoteInfo = Voyager;
		};
		B97FD1DB2E470B5C00A50BCA /* PBXContainerItemProxy */ = {
			isa = PBXContainerItemProxy;
			containerPortal = B97FD1B82E470B5A00A50BCA /* Project object */;
			proxyType = 1;
			remoteGlobalIDString = B97FD1BF2E470B5A00A50BCA;
			remoteInfo = Voyager;
		};
/* End PBXContainerItemProxy section */

/* Begin PBXFileReference section */
		B97FD1C02E470B5A00A50BCA /* Voyager.app */ = {isa = PBXFileReference; explicitFileType = wrapper.application; includeInIndex = 0; path = Voyager.app; sourceTree = BUILT_PRODUCTS_DIR; };
		B97FD1D02E470B5C00A50BCA /* VoyagerTests.xctest */ = {isa = PBXFileReference; explicitFileType = wrapper.cfbundle; includeInIndex = 0; path = VoyagerTests.xctest; sourceTree = BUILT_PRODUCTS_DIR; };
		B97FD1DA2E470B5C00A50BCA /* VoyagerUITests.xctest */ = {isa = PBXFileReference; explicitFileType = wrapper.cfbundle; includeInIndex = 0; path = VoyagerUITests.xctest; sourceTree = BUILT_PRODUCTS_DIR; };
/* End PBXFileReference section */

/* Begin PBXFileSystemSynchronizedBuildFileExceptionSet section */
		B97FD1EE2E470C4A00A50BCA /* Exceptions for "Voyager" folder in "Voyager" target */ = {
			isa = PBXFileSystemSynchronizedBuildFileExceptionSet;
			membershipExceptions = (
				Info.plist,
				Untitled.swift,
			);
			target = B97FD1BF2E470B5A00A50BCA /* Voyager */;
		};
/* End PBXFileSystemSynchronizedBuildFileExceptionSet section */

/* Begin PBXFileSystemSynchronizedRootGroup section */
		B97FD1C22E470B5A00A50BCA /* Voyager */ = {
			isa = PBXFileSystemSynchronizedRootGroup;
			exceptions = (
				B97FD1EE2E470C4A00A50BCA /* Exceptions for "Voyager" folder in "Voyager" target */,
			);
			path = Voyager;
			sourceTree = "<group>";
		};
		B97FD1D32E470B5C00A50BCA /* VoyagerTests */ = {
			isa = PBXFileSystemSynchronizedRootGroup;
			path = VoyagerTests;
			sourceTree = "<group>";
		};
		B97FD1DD2E470B5C00A50BCA /* VoyagerUITests */ = {
			isa = PBXFileSystemSynchronizedRootGroup;
			path = VoyagerUITests;
			sourceTree = "<group>";
		};
/* End PBXFileSystemSynchronizedRootGroup section */

/* Begin PBXFrameworksBuildPhase section */
		B97FD1BD2E470B5A00A50BCA /* Frameworks */ = {
			isa = PBXFrameworksBuildPhase;
			buildActionMask = 2147483647;
			files = (
			);
			runOnlyForDeploymentPostprocessing = 0;
		};
		B97FD1CD2E470B5C00A50BCA /* Frameworks */ = {
			isa = PBXFrameworksBuildPhase;
			buildActionMask = 2147483647;
			files = (
			);
			runOnlyForDeploymentPostprocessing = 0;
		};
		B97FD1D72E470B5C00A50BCA /* Frameworks */ = {
			isa = PBXFrameworksBuildPhase;
			buildActionMask = 2147483647;
			files = (
			);
			runOnlyForDeploymentPostprocessing = 0;
		};
/* End PBXFrameworksBuildPhase section */

/* Begin PBXGroup section */
		B97FD1B72E470B5A00A50BCA = {
			isa = PBXGroup;
			children = (
				B97FD1C22E470B5A00A50BCA /* Voyager */,
				B97FD1D32E470B5C00A50BCA /* VoyagerTests */,
				B97FD1DD2E470B5C00A50BCA /* VoyagerUITests */,
				B97FD1C12E470B5A00A50BCA /* Products */,
			);
			sourceTree = "<group>";
		};
		B97FD1C12E470B5A00A50BCA /* Products */ = {
			isa = PBXGroup;
			children = (
				B97FD1C02E470B5A00A50BCA /* Voyager.app */,
				B97FD1D02E470B5C00A50BCA /* VoyagerTests.xctest */,
				B97FD1DA2E470B5C00A50BCA /* VoyagerUITests.xctest */,
			);
			name = Products;
			sourceTree = "<group>";
		};
/* End PBXGroup section */

/* Begin PBXNativeTarget section */
		B97FD1BF2E470B5A00A50BCA /* Voyager */ = {
			isa = PBXNativeTarget;
			buildConfigurationList = B97FD1E42E470B5C00A50BCA /* Build configuration list for PBXNativeTarget "Voyager" */;
			buildPhases = (
				B97FD1BC2E470B5A00A50BCA /* Sources */,
				B97FD1BD2E470B5A00A50BCA /* Frameworks */,
				B97FD1BE2E470B5A00A50BCA /* Resources */,
			);
			buildRules = (
			);
			dependencies = (
			);
			fileSystemSynchronizedGroups = (
				B97FD1C22E470B5A00A50BCA /* Voyager */,
			);
			name = Voyager;
			packageProductDependencies = (
			);
			productName = Voyager;
			productReference = B97FD1C02E470B5A00A50BCA /* Voyager.app */;
			productType = "com.apple.product-type.application";
		};
		B97FD1CF2E470B5C00A50BCA /* VoyagerTests */ = {
			isa = PBXNativeTarget;
			buildConfigurationList = B97FD1E72E470B5C00A50BCA /* Build configuration list for PBXNativeTarget "VoyagerTests" */;
			buildPhases = (
				B97FD1CC2E470B5C00A50BCA /* Sources */,
				B97FD1CD2E470B5C00A50BCA /* Frameworks */,
				B97FD1CE2E470B5C00A50BCA /* Resources */,
			);
			buildRules = (
			);
			dependencies = (
				B97FD1D22E470B5C00A50BCA /* PBXTargetDependency */,
			);
			fileSystemSynchronizedGroups = (
				B97FD1D32E470B5C00A50BCA /* VoyagerTests */,
			);
			name = VoyagerTests;
			packageProductDependencies = (
			);
			productName = VoyagerTests;
			productReference = B97FD1D02E470B5C00A50BCA /* VoyagerTests.xctest */;
			productType = "com.apple.product-type.bundle.unit-test";
		};
		B97FD1D92E470B5C00A50BCA /* VoyagerUITests */ = {
			isa = PBXNativeTarget;
			buildConfigurationList = B97FD1EA2E470B5C00A50BCA /* Build configuration list for PBXNativeTarget "VoyagerUITests" */;
			buildPhases = (
				B97FD1D62E470B5C00A50BCA /* Sources */,
				B97FD1D72E470B5C00A50BCA /* Frameworks */,
				B97FD1D82E470B5C00A50BCA /* Resources */,
			);
			buildRules = (
			);
			dependencies = (
				B97FD1DC2E470B5C00A50BCA /* PBXTargetDependency */,
			);
			fileSystemSynchronizedGroups = (
				B97FD1DD2E470B5C00A50BCA /* VoyagerUITests */,
			);
			name = VoyagerUITests;
			packageProductDependencies = (
			);
			productName = VoyagerUITests;
			productReference = B97FD1DA2E470B5C00A50BCA /* VoyagerUITests.xctest */;
			productType = "com.apple.product-type.bundle.ui-testing";
		};
/* End PBXNativeTarget section */

/* Begin PBXProject section */
		B97FD1B82E470B5A00A50BCA /* Project object */ = {
			isa = PBXProject;
			attributes = {
				BuildIndependentTargetsInParallel = 1;
				LastSwiftUpdateCheck = 1600;
				LastUpgradeCheck = 1600;
				TargetAttributes = {
					B97FD1BF2E470B5A00A50BCA = {
						CreatedOnToolsVersion = 16.0;
					};
					B97FD1CF2E470B5C00A50BCA = {
						CreatedOnToolsVersion = 16.0;
						TestTargetID = B97FD1BF2E470B5A00A50BCA;
					};
					B97FD1D92E470B5C00A50BCA = {
						CreatedOnToolsVersion = 16.0;
						TestTargetID = B97FD1BF2E470B5A00A50BCA;
					};
				};
			};
			buildConfigurationList = B97FD1BB2E470B5A00A50BCA /* Build configuration list for PBXProject "Voyager" */;
			developmentRegion = en;
			hasScannedForEncodings = 0;
			knownRegions = (
				en,
				Base,
			);
			mainGroup = B97FD1B72E470B5A00A50BCA;
			minimizedProjectReferenceProxies = 1;
			preferredProjectObjectVersion = 77;
			productRefGroup = B97FD1C12E470B5A00A50BCA /* Products */;
			projectDirPath = "";
			projectRoot = "";
			targets = (
				B97FD1BF2E470B5A00A50BCA /* Voyager */,
				B97FD1CF2E470B5C00A50BCA /* VoyagerTests */,
				B97FD1D92E470B5C00A50BCA /* VoyagerUITests */,
			);
		};
/* End PBXProject section */

/* Begin PBXResourcesBuildPhase section */
		B97FD1BE2E470B5A00A50BCA /* Resources */ = {
			isa = PBXResourcesBuildPhase;
			buildActionMask = 2147483647;
			files = (
			);
			runOnlyForDeploymentPostprocessing = 0;
		};
		B97FD1CE2E470B5C00A50BCA /* Resources */ = {
			isa = PBXResourcesBuildPhase;
			buildActionMask = 2147483647;
			files = (
			);
			runOnlyForDeploymentPostprocessing = 0;
		};
		B97FD1D82E470B5C00A50BCA /* Resources */ = {
			isa = PBXResourcesBuildPhase;
			buildActionMask = 2147483647;
			files = (
			);
			runOnlyForDeploymentPostprocessing = 0;
		};
/* End PBXResourcesBuildPhase section */

/* Begin PBXSourcesBuildPhase section */
		B97FD1BC2E470B5A00A50BCA /* Sources */ = {
			isa = PBXSourcesBuildPhase;
			buildActionMask = 2147483647;
			files = (
			);
			runOnlyForDeploymentPostprocessing = 0;
		};
		B97FD1CC2E470B5C00A50BCA /* Sources */ = {
			isa = PBXSourcesBuildPhase;
			buildActionMask = 2147483647;
			files = (
			);
			runOnlyForDeploymentPostprocessing = 0;
		};
		B97FD1D62E470B5C00A50BCA /* Sources */ = {
			isa = PBXSourcesBuildPhase;
			buildActionMask = 2147483647;
			files = (
			);
			runOnlyForDeploymentPostprocessing = 0;
		};
/* End PBXSourcesBuildPhase section */

/* Begin PBXTargetDependency section */
		B97FD1D22E470B5C00A50BCA /* PBXTargetDependency */ = {
			isa = PBXTargetDependency;
			target = B97FD1BF2E470B5A00A50BCA /* Voyager */;
			targetProxy = B97FD1D12E470B5C00A50BCA /* PBXContainerItemProxy */;
		};
		B97FD1DC2E470B5C00A50BCA /* PBXTargetDependency */ = {
			isa = PBXTargetDependency;
			target = B97FD1BF2E470B5A00A50BCA /* Voyager */;
			targetProxy = B97FD1DB2E470B5C00A50BCA /* PBXContainerItemProxy */;
		};
/* End PBXTargetDependency section */

/* Begin XCBuildConfiguration section */
		B97FD1E22E470B5C00A50BCA /* Debug */ = {
			isa = XCBuildConfiguration;
			buildSettings = {
				ALWAYS_SEARCH_USER_PATHS = NO;
				ASSETCATALOG_COMPILER_GENERATE_SWIFT_ASSET_SYMBOL_EXTENSIONS = YES;
				CLANG_ANALYZER_NONNULL = YES;
				CLANG_ANALYZER_NUMBER_OBJECT_CONVERSION = YES_AGGRESSIVE;
				CLANG_CXX_LANGUAGE_STANDARD = "gnu++20";
				CLANG_ENABLE_MODULES = YES;
				CLANG_ENABLE_OBJC_ARC = YES;
				CLANG_ENABLE_OBJC_WEAK = YES;
				CLANG_WARN_BLOCK_CAPTURE_AUTORELEASING = YES;
				CLANG_WARN_BOOL_CONVERSION = YES;
				CLANG_WARN_COMMA = YES;
				CLANG_WARN_CONSTANT_CONVERSION = YES;
				CLANG_WARN_DEPRECATED_OBJC_IMPLEMENTATIONS = YES;
				CLANG_WARN_DIRECT_OBJC_ISA_USAGE = YES_ERROR;
				CLANG_WARN_DOCUMENTATION_COMMENTS = YES;
				CLANG_WARN_EMPTY_BODY = YES;
				CLANG_WARN_ENUM_CONVERSION = YES;
				CLANG_WARN_INFINITE_RECURSION = YES;
				CLANG_WARN_INT_CONVERSION = YES;
				CLANG_WARN_NON_LITERAL_NULL_CONVERSION = YES;
				CLANG_WARN_OBJC_IMPLICIT_RETAIN_SELF = YES;
				CLANG_WARN_OBJC_LITERAL_CONVERSION = YES;
				CLANG_WARN_OBJC_ROOT_CLASS = YES_ERROR;
				CLANG_WARN_QUOTED_INCLUDE_IN_FRAMEWORK_HEADER = YES;
				CLANG_WARN_RANGE_LOOP_ANALYSIS = YES;
				CLANG_WARN_STRICT_PROTOTYPES = YES;
				CLANG_WARN_SUSPICIOUS_MOVE = YES;
				CLANG_WARN_UNGUARDED_AVAILABILITY = YES_AGGRESSIVE;
				CLANG_WARN_UNREACHABLE_CODE = YES;
				CLANG_WARN__DUPLICATE_METHOD_MATCH = YES;
				COPY_PHASE_STRIP = NO;
				DEBUG_INFORMATION_FORMAT = dwarf;
				ENABLE_STRICT_OBJC_MSGSEND = YES;
				ENABLE_TESTABILITY = YES;
				ENABLE_USER_SCRIPT_SANDBOXING = YES;
				GCC_C_LANGUAGE_STANDARD = gnu17;
				GCC_DYNAMIC_NO_PIC = NO;
				GCC_NO_COMMON_BLOCKS = YES;
				GCC_OPTIMIZATION_LEVEL = 0;
				GCC_PREPROCESSOR_DEFINITIONS = (
					"DEBUG=1",
					"$(inherited)",
				);
				GCC_WARN_64_TO_32_BIT_CONVERSION = YES;
				GCC_WARN_ABOUT_RETURN_TYPE = YES_ERROR;
				GCC_WARN_UNDECLARED_SELECTOR = YES;
				GCC_WARN_UNINITIALIZED_AUTOS = YES_AGGRESSIVE;
				GCC_WARN_UNUSED_FUNCTION = YES;
				GCC_WARN_UNUSED_VARIABLE = YES;
				IPHONEOS_DEPLOYMENT_TARGET = 18.0;
				LOCALIZATION_PREFERS_STRING_CATALOGS = YES;
				MTL_ENABLE_DEBUG_INFO = INCLUDE_SOURCE;
				MTL_FAST_MATH = YES;
				ONLY_ACTIVE_ARCH = YES;
				SDKROOT = iphoneos;
				SWIFT_ACTIVE_COMPILATION_CONDITIONS = "DEBUG $(inherited)";
				SWIFT_OPTIMIZATION_LEVEL = "-Onone";
			};
			name = Debug;
		};
		B97FD1E32E470B5C00A50BCA /* Release */ = {
			isa = XCBuildConfiguration;
			buildSettings = {
				ALWAYS_SEARCH_USER_PATHS = NO;
				ASSETCATALOG_COMPILER_GENERATE_SWIFT_ASSET_SYMBOL_EXTENSIONS = YES;
				CLANG_ANALYZER_NONNULL = YES;
				CLANG_ANALYZER_NUMBER_OBJECT_CONVERSION = YES_AGGRESSIVE;
				CLANG_CXX_LANGUAGE_STANDARD = "gnu++20";
				CLANG_ENABLE_MODULES = YES;
				CLANG_ENABLE_OBJC_ARC = YES;
				CLANG_ENABLE_OBJC_WEAK = YES;
				CLANG_WARN_BLOCK_CAPTURE_AUTORELEASING = YES;
				CLANG_WARN_BOOL_CONVERSION = YES;
				CLANG_WARN_COMMA = YES;
				CLANG_WARN_CONSTANT_CONVERSION = YES;
				CLANG_WARN_DEPRECATED_OBJC_IMPLEMENTATIONS = YES;
				CLANG_WARN_DIRECT_OBJC_ISA_USAGE = YES_ERROR;
				CLANG_WARN_DOCUMENTATION_COMMENTS = YES;
				CLANG_WARN_EMPTY_BODY = YES;
				CLANG_WARN_ENUM_CONVERSION = YES;
				CLANG_WARN_INFINITE_RECURSION = YES;
				CLANG_WARN_INT_CONVERSION = YES;
				CLANG_WARN_NON_LITERAL_NULL_CONVERSION = YES;
				CLANG_WARN_OBJC_IMPLICIT_RETAIN_SELF = YES;
				CLANG_WARN_OBJC_LITERAL_CONVERSION = YES;
				CLANG_WARN_OBJC_ROOT_CLASS = YES_ERROR;
				CLANG_WARN_QUOTED_INCLUDE_IN_FRAMEWORK_HEADER = YES;
				CLANG_WARN_RANGE_LOOP_ANALYSIS = YES;
				CLANG_WARN_STRICT_PROTOTYPES = YES;
				CLANG_WARN_SUSPICIOUS_MOVE = YES;
				CLANG_WARN_UNGUARDED_AVAILABILITY = YES_AGGRESSIVE;
				CLANG_WARN_UNREACHABLE_CODE = YES;
				CLANG_WARN__DUPLICATE_METHOD_MATCH = YES;
				COPY_PHASE_STRIP = NO;
				DEBUG_INFORMATION_FORMAT = "dwarf-with-dsym";
				ENABLE_NS_ASSERTIONS = NO;
				ENABLE_STRICT_OBJC_MSGSEND = YES;
				ENABLE_USER_SCRIPT_SANDBOXING = YES;
				GCC_C_LANGUAGE_STANDARD = gnu17;
				GCC_NO_COMMON_BLOCKS = YES;
				GCC_WARN_64_TO_32_BIT_CONVERSION = YES;
				GCC_WARN_ABOUT_RETURN_TYPE = YES_ERROR;
				GCC_WARN_UNDECLARED_SELECTOR = YES;
				GCC_WARN_UNINITIALIZED_AUTOS = YES_AGGRESSIVE;
				GCC_WARN_UNUSED_FUNCTION = YES;
				GCC_WARN_UNUSED_VARIABLE = YES;
				IPHONEOS_DEPLOYMENT_TARGET = 18.0;
				LOCALIZATION_PREFERS_STRING_CATALOGS = YES;
				MTL_ENABLE_DEBUG_INFO = NO;
				MTL_FAST_MATH = YES;
				SDKROOT = iphoneos;
				SWIFT_COMPILATION_MODE = wholemodule;
				VALIDATE_PRODUCT = YES;
			};
			name = Release;
		};
		B97FD1E52E470B5C00A50BCA /* Debug */ = {
			isa = XCBuildConfiguration;
			buildSettings = {
				ASSETCATALOG_COMPILER_APPICON_NAME = AppIcon;
				ASSETCATALOG_COMPILER_GLOBAL_ACCENT_COLOR_NAME = AccentColor;
				CODE_SIGN_STYLE = Automatic;
				CURRENT_PROJECT_VERSION = 1;
				DEVELOPMENT_ASSET_PATHS = "\"Voyager/Preview Content\"";
				ENABLE_PREVIEWS = YES;
				GENERATE_INFOPLIST_FILE = YES;
				INFOPLIST_FILE = Voyager/Info.plist;
				INFOPLIST_KEY_NSLocationAlwaysAndWhenInUseUsageDescription = "";
				INFOPLIST_KEY_NSLocationAlwaysUsageDescription = com.jay.Voyager;
				INFOPLIST_KEY_NSLocationWhenInUseUsageDescription = "";
				INFOPLIST_KEY_NSMicrophoneUsageDescription = "";
				INFOPLIST_KEY_NSSpeechRecognitionUsageDescription = "";
				INFOPLIST_KEY_UIApplicationSceneManifest_Generation = YES;
				INFOPLIST_KEY_UIApplicationSupportsIndirectInputEvents = YES;
				INFOPLIST_KEY_UILaunchScreen_Generation = YES;
				INFOPLIST_KEY_UISupportedInterfaceOrientations_iPad = "UIInterfaceOrientationPortrait UIInterfaceOrientationPortraitUpsideDown UIInterfaceOrientationLandscapeLeft UIInterfaceOrientationLandscapeRight";
				INFOPLIST_KEY_UISupportedInterfaceOrientations_iPhone = "UIInterfaceOrientationPortrait UIInterfaceOrientationLandscapeLeft UIInterfaceOrientationLandscapeRight";
				LD_RUNPATH_SEARCH_PATHS = (
					"$(inherited)",
					"@executable_path/Frameworks",
				);
				MARKETING_VERSION = 1.0;
				PRODUCT_BUNDLE_IDENTIFIER = com.jay.Voyager;
				PRODUCT_NAME = "$(TARGET_NAME)";
				SWIFT_EMIT_LOC_STRINGS = YES;
				SWIFT_VERSION = 5.0;
				TARGETED_DEVICE_FAMILY = "1,2";
			};
			name = Debug;
		};
		B97FD1E62E470B5C00A50BCA /* Release */ = {
			isa = XCBuildConfiguration;
			buildSettings = {
				ASSETCATALOG_COMPILER_APPICON_NAME = AppIcon;
				ASSETCATALOG_COMPILER_GLOBAL_ACCENT_COLOR_NAME = AccentColor;
				CODE_SIGN_STYLE = Automatic;
				CURRENT_PROJECT_VERSION = 1;
				DEVELOPMENT_ASSET_PATHS = "\"Voyager/Preview Content\"";
				ENABLE_PREVIEWS = YES;
				GENERATE_INFOPLIST_FILE = YES;
				INFOPLIST_FILE = Voyager/Info.plist;
				INFOPLIST_KEY_NSLocationAlwaysAndWhenInUseUsageDescription = "";
				INFOPLIST_KEY_NSLocationAlwaysUsageDescription = com.jay.Voyager;
				INFOPLIST_KEY_NSLocationWhenInUseUsageDescription = "";
				INFOPLIST_KEY_NSMicrophoneUsageDescription = "";
				INFOPLIST_KEY_NSSpeechRecognitionUsageDescription = "";
				INFOPLIST_KEY_UIApplicationSceneManifest_Generation = YES;
				INFOPLIST_KEY_UIApplicationSupportsIndirectInputEvents = YES;
				INFOPLIST_KEY_UILaunchScreen_Generation = YES;
				INFOPLIST_KEY_UISupportedInterfaceOrientations_iPad = "UIInterfaceOrientationPortrait UIInterfaceOrientationPortraitUpsideDown UIInterfaceOrientationLandscapeLeft UIInterfaceOrientationLandscapeRight";
				INFOPLIST_KEY_UISupportedInterfaceOrientations_iPhone = "UIInterfaceOrientationPortrait UIInterfaceOrientationLandscapeLeft UIInterfaceOrientationLandscapeRight";
				LD_RUNPATH_SEARCH_PATHS = (
					"$(inherited)",
					"@executable_path/Frameworks",
				);
				MARKETING_VERSION = 1.0;
				PRODUCT_BUNDLE_IDENTIFIER = com.jay.Voyager;
				PRODUCT_NAME = "$(TARGET_NAME)";
				SWIFT_EMIT_LOC_STRINGS = YES;
				SWIFT_VERSION = 5.0;
				TARGETED_DEVICE_FAMILY = "1,2";
			};
			name = Release;
		};
		B97FD1E82E470B5C00A50BCA /* Debug */ = {
			isa = XCBuildConfiguration;
			buildSettings = {
				BUNDLE_LOADER = "$(TEST_HOST)";
				CODE_SIGN_STYLE = Automatic;
				CURRENT_PROJECT_VERSION = 1;
				GENERATE_INFOPLIST_FILE = YES;
				IPHONEOS_DEPLOYMENT_TARGET = 18.0;
				MARKETING_VERSION = 1.0;
				PRODUCT_BUNDLE_IDENTIFIER = com.jay.VoyagerTests;
				PRODUCT_NAME = "$(TARGET_NAME)";
				SWIFT_EMIT_LOC_STRINGS = NO;
				SWIFT_VERSION = 5.0;
				TARGETED_DEVICE_FAMILY = "1,2";
				TEST_HOST = "$(BUILT_PRODUCTS_DIR)/Voyager.app/$(BUNDLE_EXECUTABLE_FOLDER_PATH)/Voyager";
			};
			name = Debug;
		};
		B97FD1E92E470B5C00A50BCA /* Release */ = {
			isa = XCBuildConfiguration;
			buildSettings = {
				BUNDLE_LOADER = "$(TEST_HOST)";
				CODE_SIGN_STYLE = Automatic;
				CURRENT_PROJECT_VERSION = 1;
				GENERATE_INFOPLIST_FILE = YES;
				IPHONEOS_DEPLOYMENT_TARGET = 18.0;
				MARKETING_VERSION = 1.0;
				PRODUCT_BUNDLE_IDENTIFIER = com.jay.VoyagerTests;
				PRODUCT_NAME = "$(TARGET_NAME)";
				SWIFT_EMIT_LOC_STRINGS = NO;
				SWIFT_VERSION = 5.0;
				TARGETED_DEVICE_FAMILY = "1,2";
				TEST_HOST = "$(BUILT_PRODUCTS_DIR)/Voyager.app/$(BUNDLE_EXECUTABLE_FOLDER_PATH)/Voyager";
			};
			name = Release;
		};
		B97FD1EB2E470B5C00A50BCA /* Debug */ = {
			isa = XCBuildConfiguration;
			buildSettings = {
				CODE_SIGN_STYLE = Automatic;
				CURRENT_PROJECT_VERSION = 1;
				GENERATE_INFOPLIST_FILE = YES;
				MARKETING_VERSION = 1.0;
				PRODUCT_BUNDLE_IDENTIFIER = com.jay.VoyagerUITests;
				PRODUCT_NAME = "$(TARGET_NAME)";
				SWIFT_EMIT_LOC_STRINGS = NO;
				SWIFT_VERSION = 5.0;
				TARGETED_DEVICE_FAMILY = "1,2";
				TEST_TARGET_NAME = Voyager;
			};
			name = Debug;
		};
		B97FD1EC2E470B5C00A50BCA /* Release */ = {
			isa = XCBuildConfiguration;
			buildSettings = {
				CODE_SIGN_STYLE = Automatic;
				CURRENT_PROJECT_VERSION = 1;
				GENERATE_INFOPLIST_FILE = YES;
				MARKETING_VERSION = 1.0;
				PRODUCT_BUNDLE_IDENTIFIER = com.jay.VoyagerUITests;
				PRODUCT_NAME = "$(TARGET_NAME)";
				SWIFT_EMIT_LOC_STRINGS = NO;
				SWIFT_VERSION = 5.0;
				TARGETED_DEVICE_FAMILY = "1,2";
				TEST_TARGET_NAME = Voyager;
			};
			name = Release;
		};
/* End XCBuildConfiguration section */

/* Begin XCConfigurationList section */
		B97FD1BB2E470B5A00A50BCA /* Build configuration list for PBXProject "Voyager" */ = {
			isa = XCConfigurationList;
			buildConfigurations = (
				B97FD1E22E470B5C00A50BCA /* Debug */,
				B97FD1E32E470B5C00A50BCA /* Release */,
			);
			defaultConfigurationIsVisible = 0;
			defaultConfigurationName = Release;
		};
		B97FD1E42E470B5C00A50BCA /* Build configuration list for PBXNativeTarget "Voyager" */ = {
			isa = XCConfigurationList;
			buildConfigurations = (
				B97FD1E52E470B5C00A50BCA /* Debug */,
				B97FD1E62E470B5C00A50BCA /* Release */,
			);
			defaultConfigurationIsVisible = 0;
			defaultConfigurationName = Release;
		};
		B97FD1E72E470B5C00A50BCA /* Build configuration list for PBXNativeTarget "VoyagerTests" */ = {
			isa = XCConfigurationList;
			buildConfigurations = (
				B97FD1E82E470B5C00A50BCA /* Debug */,
				B97FD1E92E470B5C00A50BCA /* Release */,
			);
			defaultConfigurationIsVisible = 0;
			defaultConfigurationName = Release;
		};
		B97FD1EA2E470B5C00A50BCA /* Build configuration list for PBXNativeTarget "VoyagerUITests" */ = {
			isa = XCConfigurationList;
			buildConfigurations = (
				B97FD1EB2E470B5C00A50BCA /* Debug */,
				B97FD1EC2E470B5C00A50BCA /* Release */,
			);
			defaultConfigurationIsVisible = 0;
			defaultConfigurationName = Release;
		};
/* End XCConfigurationList section */
	};
	rootObject = B97FD1B82E470B5A00A50BCA /* Project object */;
}
